
Microsoft Visual Studio Solution File, Format Version 12.00
# Visual Studio 15
VisualStudioVersion = 15.0.28307.1231
MinimumVisualStudioVersion = 10.0.40219.1
Project("{FAE04EC0-301F-11D3-BF4B-00C04F79EFBC}") = "JewelryStore", "JewelryStore\JewelryStore.csproj", "{F310F67D-0E49-4D92-AB93-B112B373D190}"
EndProject
Global
	GlobalSection(SolutionConfigurationPlatforms) = preSolution
		Debug|Any CPU = Debug|Any CPU
		Release|Any CPU = Release|Any CPU
	EndGlobalSection
	GlobalSection(ProjectConfigurationPlatforms) = postSolution
		{F310F67D-0E49-4D92-AB93-B112B373D190}.Debug|Any CPU.ActiveCfg = Debug|Any CPU
		{F310F67D-0E49-4D92-AB93-B112B373D190}.Debug|Any CPU.Build.0 = Debug|Any CPU
		{F310F67D-0E49-4D92-AB93-B112B373D190}.Release|Any CPU.ActiveCfg = Release|Any CPU
		{F310F67D-0E49-4D92-AB93-B112B373D190}.Release|Any CPU.Build.0 = Release|Any CPU
	EndGlobalSection
	GlobalSection(SolutionProperties) = preSolution
		HideSolutionNode = FALSE
	EndGlobalSection
	GlobalSection(ExtensibilityGlobals) = postSolution
		SolutionGuid = {2DE4B58F-D013-43F3-B1C6-CD307AB163A3}
	EndGlobalSection
EndGlobal
